<?xml version="1.0" encoding="utf-8"?>
<Project ToolsVersion="4.0" xmlns="http://schemas.microsoft.com/developer/msbuild/2003">
  <ItemGroup>
    <Filter Include="Исходные файлы">
      <UniqueIdentifier>{4FC737F1-C7A5-4376-A066-2A32D752A2FF}</UniqueIdentifier>
      <Extensions>cpp;c;cc;cxx;c++;cppm;ixx;def;odl;idl;hpj;bat;asm;asmx</Extensions>
    </Filter>
    <Filter Include="Файлы заголовков">
      <UniqueIdentifier>{93995380-89BD-4b04-88EB-625FBE52EBFB}</UniqueIdentifier>
      <Extensions>h;hh;hpp;hxx;h++;hm;inl;inc;ipp;xsd</Extensions>
    </Filter>
    <Filter Include="Файлы ресурсов">
      <UniqueIdentifier>{67DA6AB6-F800-4c08-8B7A-83BB121AAD01}</UniqueIdentifier>
      <Extensions>rc;ico;cur;bmp;dlg;rc2;rct;bin;rgs;gif;jpg;jpeg;jpe;resx;tiff;tif;png;wav;mfcribbon-ms</Extensions>
    </Filter>
    <Filter Include="Исходные файлы\board">
      <UniqueIdentifier>{ad5b5fd4-fa39-4f1a-a6ee-55fc80522c0c}</UniqueIdentifier>
    </Filter>
    <Filter Include="Исходные файлы\main_functions">
      <UniqueIdentifier>{9dab7d96-8cb8-47a5-a4a2-3f78f71302a8}</UniqueIdentifier>
    </Filter>
  </ItemGroup>
  <ItemGroup>
    <ClCompile Include="board_init.cpp">
      <Filter>Исходные файлы\board</Filter>
    </ClCompile>
    <ClCompile Include="Nardi.cpp">
      <Filter>Исходные файлы</Filter>
    </ClCompile>
    <ClCompile Include="board_checkmove.cpp">
      <Filter>Исходные файлы\board</Filter>
    </ClCompile>
    <ClCompile Include="board_modify_cells.cpp">
      <Filter>Исходные файлы\board</Filter>
    </ClCompile>
    <ClCompile Include="board_to_check_win.cpp">
      <Filter>Исходные файлы\board</Filter>
    </ClCompile>
    <ClCompile Include="board_draw.cpp">
      <Filter>Исходные файлы\board</Filter>
    </ClCompile>
    <ClCompile Include="print_annotation.cpp">
      <Filter>Исходные файлы\main_functions</Filter>
    </ClCompile>
    <ClCompile Include="roll_cube.cpp">
      <Filter>Исходные файлы\main_functions</Filter>
    </ClCompile>
    <ClCompile Include="make_step.cpp">
      <Filter>Исходные файлы\main_functions</Filter>
    </ClCompile>
    <ClCompile Include="simple_step.cpp">
      <Filter>Исходные файлы\main_functions</Filter>
    </ClCompile>
    <ClCompile Include="double_cube_step.cpp">
      <Filter>Исходные файлы\main_functions</Filter>
    </ClCompile>
    <ClCompile Include="flip_turns.cpp">
      <Filter>Исходные файлы\main_functions</Filter>
    </ClCompile>
    <ClCompile Include="windowcpp.cpp">
      <Filter>Исходные файлы</Filter>
    </ClCompile>
  </ItemGroup>
  <ItemGroup>
    <ClInclude Include="board.hpp">
      <Filter>Файлы заголовков</Filter>
    </ClInclude>
    <ClInclude Include="field.hpp">
      <Filter>Файлы заголовков</Filter>
    </ClInclude>
    <ClInclude Include="main_functions.hpp">
      <Filter>Файлы заголовков</Filter>
    </ClInclude>
    <ClInclude Include="window.hpp">
      <Filter>Файлы заголовков</Filter>
    </ClInclude>
  </ItemGroup>
</Project>